
Microsoft Visual Studio Solution File, Format Version 12.00
# Visual Studio Version 16
VisualStudioVersion = 16.0.30503.244
MinimumVisualStudioVersion = 10.0.40219.1
Project("{FAE04EC0-301F-11D3-BF4B-00C04F79EFBC}") = "My_paint", "My_paint\My_paint.csproj", "{5E580640-A777-4796-9D5A-1C4C05C07653}"
EndProject
Global
	GlobalSection(SolutionConfigurationPlatforms) = preSolution
		Debug|Any CPU = Debug|Any CPU
		Release|Any CPU = Release|Any CPU
	EndGlobalSection
	GlobalSection(ProjectConfigurationPlatforms) = postSolution
		{5E580640-A777-4796-9D5A-1C4C05C07653}.Debug|Any CPU.ActiveCfg = Debug|Any CPU
		{5E580640-A777-4796-9D5A-1C4C05C07653}.Debug|Any CPU.Build.0 = Debug|Any CPU
		{5E580640-A777-4796-9D5A-1C4C05C07653}.Release|Any CPU.ActiveCfg = Release|Any CPU
		{5E580640-A777-4796-9D5A-1C4C05C07653}.Release|Any CPU.Build.0 = Release|Any CPU
	EndGlobalSection
	GlobalSection(SolutionProperties) = preSolution
		HideSolutionNode = FALSE
	EndGlobalSection
	GlobalSection(ExtensibilityGlobals) = postSolution
		SolutionGuid = {53EF004A-4FFA-4747-9D45-E46170B1CDFA}
	EndGlobalSection
EndGlobal
